PODS:
  - HeartButton (1.1.0)
  - lottie-ios (4.4.3)
  - SDWebImage (5.19.1):
    - SDWebImage/Core (= 5.19.1)
  - SDWebImage/Core (5.19.1)
  - SideMenu (6.5.0)
  - SwiftyJSON (5.0.2)

DEPENDENCIES:
  - HeartButton
  - lottie-ios
  - SDWebImage
  - SideMenu
  - SwiftyJSON

SPEC REPOS:
  trunk:
    - HeartButton
    - lottie-ios
    - SDWebImage
    - SideMenu
    - SwiftyJSON

SPEC CHECKSUMS:
  HeartButton: 0d75e41d05292add5f1490c3a616ad24d7db4990
  lottie-ios: fcb5e73e17ba4c983140b7d21095c834b3087418
  SDWebImage: 40b0b4053e36c660a764958bff99eed16610acbb
  SideMenu: f583187d21c5b1dd04c72002be544b555a2627a2
  SwiftyJSON: f5b1bf1cd8dd53cd25887ac0eabcfd92301c6a5a

PODFILE CHECKSUM: 69ddb671ba326310889f37f929427fe70d8bd31a

COCOAPODS: 1.15.2
